
Microsoft Visual Studio Solution File, Format Version 12.00
# Visual Studio Version 17
VisualStudioVersion = 17.8.34120.51
MinimumVisualStudioVersion = 10.0.40219.1
Project("{9A19103F-16F7-4668-BE54-9A1E7A4F7556}") = "ShellNavBarIsVisibleChange", "ShellNavBarIsVisibleChange\ShellNavBarIsVisibleChange.csproj", "{AB8BB775-B12E-464B-AF79-6BBA53C2420F}"
EndProject
Global
	GlobalSection(SolutionConfigurationPlatforms) = preSolution
		Debug|Any CPU = Debug|Any CPU
		Release|Any CPU = Release|Any CPU
	EndGlobalSection
	GlobalSection(ProjectConfigurationPlatforms) = postSolution
		{AB8BB775-B12E-464B-AF79-6BBA53C2420F}.Debug|Any CPU.ActiveCfg = Debug|Any CPU
		{AB8BB775-B12E-464B-AF79-6BBA53C2420F}.Debug|Any CPU.Build.0 = Debug|Any CPU
		{AB8BB775-B12E-464B-AF79-6BBA53C2420F}.Debug|Any CPU.Deploy.0 = Debug|Any CPU
		{AB8BB775-B12E-464B-AF79-6BBA53C2420F}.Release|Any CPU.ActiveCfg = Release|Any CPU
		{AB8BB775-B12E-464B-AF79-6BBA53C2420F}.Release|Any CPU.Build.0 = Release|Any CPU
		{AB8BB775-B12E-464B-AF79-6BBA53C2420F}.Release|Any CPU.Deploy.0 = Release|Any CPU
	EndGlobalSection
	GlobalSection(SolutionProperties) = preSolution
		HideSolutionNode = FALSE
	EndGlobalSection
	GlobalSection(ExtensibilityGlobals) = postSolution
		SolutionGuid = {55AF0FBE-12EB-4993-B3E1-01ADAB0EB302}
	EndGlobalSection
EndGlobal
