
Microsoft Visual Studio Solution File, Format Version 12.00
# Visual Studio Version 17
VisualStudioVersion = 17.10.34928.147
MinimumVisualStudioVersion = 10.0.40219.1
Project("{FAE04EC0-301F-11D3-BF4B-00C04F79EFBC}") = "StyleNotChanged", "StyleNotChanged\StyleNotChanged.csproj", "{AACD4E22-F500-42BA-BF55-021FBA4DDC25}"
EndProject
Global
	GlobalSection(SolutionConfigurationPlatforms) = preSolution
		Debug|Any CPU = Debug|Any CPU
		Release|Any CPU = Release|Any CPU
	EndGlobalSection
	GlobalSection(ProjectConfigurationPlatforms) = postSolution
		{AACD4E22-F500-42BA-BF55-021FBA4DDC25}.Debug|Any CPU.ActiveCfg = Debug|Any CPU
		{AACD4E22-F500-42BA-BF55-021FBA4DDC25}.Debug|Any CPU.Build.0 = Debug|Any CPU
		{AACD4E22-F500-42BA-BF55-021FBA4DDC25}.Debug|Any CPU.Deploy.0 = Debug|Any CPU
		{AACD4E22-F500-42BA-BF55-021FBA4DDC25}.Release|Any CPU.ActiveCfg = Release|Any CPU
		{AACD4E22-F500-42BA-BF55-021FBA4DDC25}.Release|Any CPU.Build.0 = Release|Any CPU
		{AACD4E22-F500-42BA-BF55-021FBA4DDC25}.Release|Any CPU.Deploy.0 = Release|Any CPU
	EndGlobalSection
	GlobalSection(SolutionProperties) = preSolution
		HideSolutionNode = FALSE
	EndGlobalSection
	GlobalSection(ExtensibilityGlobals) = postSolution
		SolutionGuid = {99FD9D90-0761-48C9-9377-714FCC168CAC}
	EndGlobalSection
EndGlobal
